<?xml version="1.0" encoding="utf-8"?>
<Project ToolsVersion="4.0" xmlns="http://schemas.microsoft.com/developer/msbuild/2003">
  <ItemGroup>
    <ClInclude Include="..\..\source\socket.h" />
    <ClInclude Include="..\..\source\msg.h" />
    <ClInclude Include="..\..\source\address.h" />
    <ClInclude Include="..\..\source\serverFinder.h" />
    <ClInclude Include="..\..\source\Connection.h" />
    <ClInclude Include="..\..\source\Server.h" />
    <ClInclude Include="..\..\source\Queue.h" />
  </ItemGroup>
</Project>